// !$*UTF8*$!
{
	archiveVersion = 1;
	classes = {
	};
	objectVersion = 55;
	objects = {

/* Begin PBXBuildFile section */
		3F07EB8B27B5D3B300F5AEB5 /* CloudKit.framework in Frameworks */ = {isa = PBXBuildFile; fileRef = 3F07EB8A27B5D3B300F5AEB5 /* CloudKit.framework */; };
		3F15014227B3290F00946F50 /* CloudKit.framework in Frameworks */ = {isa = PBXBuildFile; fileRef = 3F15014127B3290F00946F50 /* CloudKit.framework */; };
		3F2138F527B234D600CF7B48 /* DataController.swift in Sources */ = {isa = PBXBuildFile; fileRef = 3F2138F427B234D600CF7B48 /* DataController.swift */; };
		3F5C4CA527C5E37300F83CB8 /* AlarmController.swift in Sources */ = {isa = PBXBuildFile; fileRef = 3F5C4CA427C5E37300F83CB8 /* AlarmController.swift */; };
		3F9B1D9F27B3549400B898EF /* DataController.swift in Sources */ = {isa = PBXBuildFile; fileRef = 3F2138F427B234D600CF7B48 /* DataController.swift */; };
		3F9EC87827A68DB200281943 /* watchCookApp.swift in Sources */ = {isa = PBXBuildFile; fileRef = 3F9EC87727A68DB200281943 /* watchCookApp.swift */; };
		3F9EC87C27A68DB300281943 /* Assets.xcassets in Resources */ = {isa = PBXBuildFile; fileRef = 3F9EC87B27A68DB300281943 /* Assets.xcassets */; };
		3F9EC87F27A68DB300281943 /* Preview Assets.xcassets in Resources */ = {isa = PBXBuildFile; fileRef = 3F9EC87E27A68DB300281943 /* Preview Assets.xcassets */; };
		3F9EC88327A68DB300281943 /* watchCook WatchKit App.app in Embed Watch Content */ = {isa = PBXBuildFile; fileRef = 3F9EC88227A68DB300281943 /* watchCook WatchKit App.app */; settings = {ATTRIBUTES = (RemoveHeadersOnCopy, ); }; };
		3F9EC88827A68DB400281943 /* Assets.xcassets in Resources */ = {isa = PBXBuildFile; fileRef = 3F9EC88727A68DB400281943 /* Assets.xcassets */; };
		3F9EC88E27A68DB400281943 /* watchCook WatchKit Extension.appex in Embed App Extensions */ = {isa = PBXBuildFile; fileRef = 3F9EC88D27A68DB400281943 /* watchCook WatchKit Extension.appex */; settings = {ATTRIBUTES = (RemoveHeadersOnCopy, ); }; };
		3F9EC89327A68DB400281943 /* ContentView.swift in Sources */ = {isa = PBXBuildFile; fileRef = 3F9EC89227A68DB400281943 /* ContentView.swift */; };
		3F9EC89727A68DB400281943 /* ComplicationController.swift in Sources */ = {isa = PBXBuildFile; fileRef = 3F9EC89627A68DB400281943 /* ComplicationController.swift */; };
		3F9EC89927A68DB400281943 /* Assets.xcassets in Resources */ = {isa = PBXBuildFile; fileRef = 3F9EC89827A68DB400281943 /* Assets.xcassets */; };
		3F9EC89C27A68DB400281943 /* Preview Assets.xcassets in Resources */ = {isa = PBXBuildFile; fileRef = 3F9EC89B27A68DB400281943 /* Preview Assets.xcassets */; };
		3FA610E827B3572D005B4A7B /* watchCookApp.swift in Sources */ = {isa = PBXBuildFile; fileRef = 3F9EC87727A68DB200281943 /* watchCookApp.swift */; };
		3FDA2BE027C32ABF00F171A2 /* TimeValue.swift in Sources */ = {isa = PBXBuildFile; fileRef = 3FDA2BDF27C32ABF00F171A2 /* TimeValue.swift */; };
		3FDA2BE127C32ABF00F171A2 /* TimeValue.swift in Sources */ = {isa = PBXBuildFile; fileRef = 3FDA2BDF27C32ABF00F171A2 /* TimeValue.swift */; };
		3FDC1F4C27D3119300FE5C59 /* CompactLabelStyle.swift in Sources */ = {isa = PBXBuildFile; fileRef = 3FDC1F4B27D3119300FE5C59 /* CompactLabelStyle.swift */; };
		3FDC1F4D27D3119300FE5C59 /* CompactLabelStyle.swift in Sources */ = {isa = PBXBuildFile; fileRef = 3FDC1F4B27D3119300FE5C59 /* CompactLabelStyle.swift */; };
		3FEC100227BF1EF600E05867 /* TimePickerView.swift in Sources */ = {isa = PBXBuildFile; fileRef = 3FEC100127BF1EF600E05867 /* TimePickerView.swift */; };
		3FF620E727C4745700B664FC /* TimerView.swift in Sources */ = {isa = PBXBuildFile; fileRef = 3FF620E627C4745700B664FC /* TimerView.swift */; };
		3FF7BC6B27ABBAD500F8E8B7 /* RecipeDetail.swift in Sources */ = {isa = PBXBuildFile; fileRef = 3FF7BC6A27ABBAD500F8E8B7 /* RecipeDetail.swift */; };
		3FF7BC7727B09FE900F8E8B7 /* RecipeDetail.swift in Sources */ = {isa = PBXBuildFile; fileRef = 3FF7BC7627B09FE900F8E8B7 /* RecipeDetail.swift */; };
		3FF7BC7827B0A29600F8E8B7 /* ContentView.swift in Sources */ = {isa = PBXBuildFile; fileRef = 3F9EC87927A68DB200281943 /* ContentView.swift */; };
		3FF7BC7927B0A89B00F8E8B7 /* RecipeRow.swift in Sources */ = {isa = PBXBuildFile; fileRef = 3FF7BC6827ABB9CC00F8E8B7 /* RecipeRow.swift */; };
		3FF7BC7A27B0AB9000F8E8B7 /* RecipeRow.swift in Sources */ = {isa = PBXBuildFile; fileRef = 3FF7BC6827ABB9CC00F8E8B7 /* RecipeRow.swift */; };
		3FF7BC8027B0B51000F8E8B7 /* recipeData.json in Resources */ = {isa = PBXBuildFile; fileRef = 3FF7BC7F27B0B51000F8E8B7 /* recipeData.json */; };
		3FF7BC8127B0B51000F8E8B7 /* recipeData.json in Resources */ = {isa = PBXBuildFile; fileRef = 3FF7BC7F27B0B51000F8E8B7 /* recipeData.json */; };
		3FFCC51627B1FA4600672A6E /* Model.xcdatamodeld in Sources */ = {isa = PBXBuildFile; fileRef = 3FFCC51427B1FA4600672A6E /* Model.xcdatamodeld */; };
		3FFCC51727B1FA4600672A6E /* Model.xcdatamodeld in Sources */ = {isa = PBXBuildFile; fileRef = 3FFCC51427B1FA4600672A6E /* Model.xcdatamodeld */; };
		3FFCC53727B22F3100672A6E /* Step+CoreDataClass.swift in Sources */ = {isa = PBXBuildFile; fileRef = 3FFCC53327B22F3100672A6E /* Step+CoreDataClass.swift */; };
		3FFCC53827B22F3100672A6E /* Step+CoreDataClass.swift in Sources */ = {isa = PBXBuildFile; fileRef = 3FFCC53327B22F3100672A6E /* Step+CoreDataClass.swift */; };
		3FFCC53B27B22F3100672A6E /* Recipe+CoreDataClass.swift in Sources */ = {isa = PBXBuildFile; fileRef = 3FFCC53527B22F3100672A6E /* Recipe+CoreDataClass.swift */; };
		3FFCC53C27B22F3100672A6E /* Recipe+CoreDataClass.swift in Sources */ = {isa = PBXBuildFile; fileRef = 3FFCC53527B22F3100672A6E /* Recipe+CoreDataClass.swift */; };
/* End PBXBuildFile section */

/* Begin PBXContainerItemProxy section */
		3F9EC88427A68DB300281943 /* PBXContainerItemProxy */ = {
			isa = PBXContainerItemProxy;
			containerPortal = 3F9EC86C27A68DB200281943 /* Project object */;
			proxyType = 1;
			remoteGlobalIDString = 3F9EC88127A68DB300281943;
			remoteInfo = "watchCook WatchKit App";
		};
		3F9EC88F27A68DB400281943 /* PBXContainerItemProxy */ = {
			isa = PBXContainerItemProxy;
			containerPortal = 3F9EC86C27A68DB200281943 /* Project object */;
			proxyType = 1;
			remoteGlobalIDString = 3F9EC88C27A68DB400281943;
			remoteInfo = "watchCook WatchKit Extension";
		};
/* End PBXContainerItemProxy section */

/* Begin PBXCopyFilesBuildPhase section */
		3F9EC8A327A68DB400281943 /* Embed App Extensions */ = {
			isa = PBXCopyFilesBuildPhase;
			buildActionMask = 2147483647;
			dstPath = "";
			dstSubfolderSpec = 13;
			files = (
				3F9EC88E27A68DB400281943 /* watchCook WatchKit Extension.appex in Embed App Extensions */,
			);
			name = "Embed App Extensions";
			runOnlyForDeploymentPostprocessing = 0;
		};
		3F9EC8A727A68DB400281943 /* Embed Watch Content */ = {
			isa = PBXCopyFilesBuildPhase;
			buildActionMask = 2147483647;
			dstPath = "$(CONTENTS_FOLDER_PATH)/Watch";
			dstSubfolderSpec = 16;
			files = (
				3F9EC88327A68DB300281943 /* watchCook WatchKit App.app in Embed Watch Content */,
			);
			name = "Embed Watch Content";
			runOnlyForDeploymentPostprocessing = 0;
		};
/* End PBXCopyFilesBuildPhase section */

/* Begin PBXFileReference section */
		3F07EB8927B5D3A900F5AEB5 /* watchCook WatchKit Extension.entitlements */ = {isa = PBXFileReference; lastKnownFileType = text.plist.entitlements; path = "watchCook WatchKit Extension.entitlements"; sourceTree = "<group>"; };
		3F07EB8A27B5D3B300F5AEB5 /* CloudKit.framework */ = {isa = PBXFileReference; lastKnownFileType = wrapper.framework; name = CloudKit.framework; path = Platforms/WatchOS.platform/Developer/SDKs/WatchOS8.3.sdk/System/Library/Frameworks/CloudKit.framework; sourceTree = DEVELOPER_DIR; };
		3F15013F27B3290200946F50 /* watchCook.entitlements */ = {isa = PBXFileReference; lastKnownFileType = text.plist.entitlements; path = watchCook.entitlements; sourceTree = "<group>"; };
		3F15014127B3290F00946F50 /* CloudKit.framework */ = {isa = PBXFileReference; lastKnownFileType = wrapper.framework; name = CloudKit.framework; path = Platforms/iPhoneOS.platform/Developer/SDKs/iPhoneOS15.2.sdk/System/Library/Frameworks/CloudKit.framework; sourceTree = DEVELOPER_DIR; };
		3F15014327B3299C00946F50 /* Info.plist */ = {isa = PBXFileReference; lastKnownFileType = text.plist; path = Info.plist; sourceTree = "<group>"; };
		3F1A9DA327BB19AB00136188 /* .gitignore */ = {isa = PBXFileReference; lastKnownFileType = text; path = .gitignore; sourceTree = "<group>"; };
		3F2138F427B234D600CF7B48 /* DataController.swift */ = {isa = PBXFileReference; lastKnownFileType = sourcecode.swift; path = DataController.swift; sourceTree = "<group>"; };
		3F5C4CA427C5E37300F83CB8 /* AlarmController.swift */ = {isa = PBXFileReference; lastKnownFileType = sourcecode.swift; path = AlarmController.swift; sourceTree = "<group>"; };
		3F9EC87427A68DB200281943 /* watchCook.app */ = {isa = PBXFileReference; explicitFileType = wrapper.application; includeInIndex = 0; path = watchCook.app; sourceTree = BUILT_PRODUCTS_DIR; };
		3F9EC87727A68DB200281943 /* watchCookApp.swift */ = {isa = PBXFileReference; lastKnownFileType = sourcecode.swift; path = watchCookApp.swift; sourceTree = "<group>"; };
		3F9EC87927A68DB200281943 /* ContentView.swift */ = {isa = PBXFileReference; lastKnownFileType = sourcecode.swift; path = ContentView.swift; sourceTree = "<group>"; };
		3F9EC87B27A68DB300281943 /* Assets.xcassets */ = {isa = PBXFileReference; lastKnownFileType = folder.assetcatalog; path = Assets.xcassets; sourceTree = "<group>"; };
		3F9EC87E27A68DB300281943 /* Preview Assets.xcassets */ = {isa = PBXFileReference; lastKnownFileType = folder.assetcatalog; path = "Preview Assets.xcassets"; sourceTree = "<group>"; };
		3F9EC88227A68DB300281943 /* watchCook WatchKit App.app */ = {isa = PBXFileReference; explicitFileType = wrapper.application; includeInIndex = 0; path = "watchCook WatchKit App.app"; sourceTree = BUILT_PRODUCTS_DIR; };
		3F9EC88727A68DB400281943 /* Assets.xcassets */ = {isa = PBXFileReference; lastKnownFileType = folder.assetcatalog; path = Assets.xcassets; sourceTree = "<group>"; };
		3F9EC88D27A68DB400281943 /* watchCook WatchKit Extension.appex */ = {isa = PBXFileReference; explicitFileType = "wrapper.app-extension"; includeInIndex = 0; path = "watchCook WatchKit Extension.appex"; sourceTree = BUILT_PRODUCTS_DIR; };
		3F9EC89227A68DB400281943 /* ContentView.swift */ = {isa = PBXFileReference; lastKnownFileType = sourcecode.swift; path = ContentView.swift; sourceTree = "<group>"; };
		3F9EC89627A68DB400281943 /* ComplicationController.swift */ = {isa = PBXFileReference; lastKnownFileType = sourcecode.swift; path = ComplicationController.swift; sourceTree = "<group>"; };
		3F9EC89827A68DB400281943 /* Assets.xcassets */ = {isa = PBXFileReference; lastKnownFileType = folder.assetcatalog; path = Assets.xcassets; sourceTree = "<group>"; };
		3F9EC89B27A68DB400281943 /* Preview Assets.xcassets */ = {isa = PBXFileReference; lastKnownFileType = folder.assetcatalog; path = "Preview Assets.xcassets"; sourceTree = "<group>"; };
		3F9EC89D27A68DB400281943 /* Info.plist */ = {isa = PBXFileReference; lastKnownFileType = text.plist.xml; path = Info.plist; sourceTree = "<group>"; };
		3FDA2BDF27C32ABF00F171A2 /* TimeValue.swift */ = {isa = PBXFileReference; lastKnownFileType = sourcecode.swift; path = TimeValue.swift; sourceTree = "<group>"; };
		3FDC1F4B27D3119300FE5C59 /* CompactLabelStyle.swift */ = {isa = PBXFileReference; lastKnownFileType = sourcecode.swift; path = CompactLabelStyle.swift; sourceTree = "<group>"; };
		3FEC100127BF1EF600E05867 /* TimePickerView.swift */ = {isa = PBXFileReference; lastKnownFileType = sourcecode.swift; path = TimePickerView.swift; sourceTree = "<group>"; };
		3FF620E627C4745700B664FC /* TimerView.swift */ = {isa = PBXFileReference; lastKnownFileType = sourcecode.swift; path = TimerView.swift; sourceTree = "<group>"; };
		3FF7BC6827ABB9CC00F8E8B7 /* RecipeRow.swift */ = {isa = PBXFileReference; lastKnownFileType = sourcecode.swift; path = RecipeRow.swift; sourceTree = "<group>"; };
		3FF7BC6A27ABBAD500F8E8B7 /* RecipeDetail.swift */ = {isa = PBXFileReference; lastKnownFileType = sourcecode.swift; path = RecipeDetail.swift; sourceTree = "<group>"; };
		3FF7BC7627B09FE900F8E8B7 /* RecipeDetail.swift */ = {isa = PBXFileReference; lastKnownFileType = sourcecode.swift; path = RecipeDetail.swift; sourceTree = "<group>"; };
		3FF7BC7F27B0B51000F8E8B7 /* recipeData.json */ = {isa = PBXFileReference; lastKnownFileType = text.json; path = recipeData.json; sourceTree = "<group>"; };
		3FFCC51527B1FA4600672A6E /* Model.xcdatamodel */ = {isa = PBXFileReference; lastKnownFileType = wrapper.xcdatamodel; path = Model.xcdatamodel; sourceTree = "<group>"; };
		3FFCC53327B22F3100672A6E /* Step+CoreDataClass.swift */ = {isa = PBXFileReference; lastKnownFileType = sourcecode.swift; path = "Step+CoreDataClass.swift"; sourceTree = "<group>"; };
		3FFCC53527B22F3100672A6E /* Recipe+CoreDataClass.swift */ = {isa = PBXFileReference; lastKnownFileType = sourcecode.swift; path = "Recipe+CoreDataClass.swift"; sourceTree = "<group>"; };
/* End PBXFileReference section */

/* Begin PBXFrameworksBuildPhase section */
		3F9EC87127A68DB200281943 /* Frameworks */ = {
			isa = PBXFrameworksBuildPhase;
			buildActionMask = 2147483647;
			files = (
				3F15014227B3290F00946F50 /* CloudKit.framework in Frameworks */,
			);
			runOnlyForDeploymentPostprocessing = 0;
		};
		3F9EC88A27A68DB400281943 /* Frameworks */ = {
			isa = PBXFrameworksBuildPhase;
			buildActionMask = 2147483647;
			files = (
				3F07EB8B27B5D3B300F5AEB5 /* CloudKit.framework in Frameworks */,
			);
			runOnlyForDeploymentPostprocessing = 0;
		};
/* End PBXFrameworksBuildPhase section */

/* Begin PBXGroup section */
		3F15014027B3290F00946F50 /* Frameworks */ = {
			isa = PBXGroup;
			children = (
				3F07EB8A27B5D3B300F5AEB5 /* CloudKit.framework */,
				3F15014127B3290F00946F50 /* CloudKit.framework */,
			);
			name = Frameworks;
			sourceTree = "<group>";
		};
		3F9EC86B27A68DB200281943 = {
			isa = PBXGroup;
			children = (
				3F1A9DA327BB19AB00136188 /* .gitignore */,
				3F9EC87627A68DB200281943 /* watchCook */,
				3F9EC88627A68DB300281943 /* watchCook WatchKit App */,
				3F9EC89127A68DB400281943 /* watchCook WatchKit Extension */,
				3F9EC87527A68DB200281943 /* Products */,
				3F15014027B3290F00946F50 /* Frameworks */,
			);
			sourceTree = "<group>";
		};
		3F9EC87527A68DB200281943 /* Products */ = {
			isa = PBXGroup;
			children = (
				3F9EC87427A68DB200281943 /* watchCook.app */,
				3F9EC88227A68DB300281943 /* watchCook WatchKit App.app */,
				3F9EC88D27A68DB400281943 /* watchCook WatchKit Extension.appex */,
			);
			name = Products;
			sourceTree = "<group>";
		};
		3F9EC87627A68DB200281943 /* watchCook */ = {
			isa = PBXGroup;
			children = (
				3F15014327B3299C00946F50 /* Info.plist */,
				3F15013F27B3290200946F50 /* watchCook.entitlements */,
				3FF7BC7B27B0B4C600F8E8B7 /* Resources */,
				3FF7BC7427B09F6200F8E8B7 /* Views */,
				3FF7BC6F27B09AE800F8E8B7 /* Model */,
				3F9EC87727A68DB200281943 /* watchCookApp.swift */,
				3F9EC87B27A68DB300281943 /* Assets.xcassets */,
				3F9EC87D27A68DB300281943 /* Preview Content */,
			);
			path = watchCook;
			sourceTree = "<group>";
		};
		3F9EC87D27A68DB300281943 /* Preview Content */ = {
			isa = PBXGroup;
			children = (
				3F9EC87E27A68DB300281943 /* Preview Assets.xcassets */,
			);
			path = "Preview Content";
			sourceTree = "<group>";
		};
		3F9EC88627A68DB300281943 /* watchCook WatchKit App */ = {
			isa = PBXGroup;
			children = (
				3F9EC88727A68DB400281943 /* Assets.xcassets */,
			);
			path = "watchCook WatchKit App";
			sourceTree = "<group>";
		};
		3F9EC89127A68DB400281943 /* watchCook WatchKit Extension */ = {
			isa = PBXGroup;
			children = (
				3F07EB8927B5D3A900F5AEB5 /* watchCook WatchKit Extension.entitlements */,
				3F9EC89227A68DB400281943 /* ContentView.swift */,
				3FF7BC6A27ABBAD500F8E8B7 /* RecipeDetail.swift */,
				3FF620E627C4745700B664FC /* TimerView.swift */,
				3F5C4CA427C5E37300F83CB8 /* AlarmController.swift */,
				3F9EC89627A68DB400281943 /* ComplicationController.swift */,
				3F9EC89827A68DB400281943 /* Assets.xcassets */,
				3F9EC89D27A68DB400281943 /* Info.plist */,
				3F9EC89A27A68DB400281943 /* Preview Content */,
			);
			path = "watchCook WatchKit Extension";
			sourceTree = "<group>";
		};
		3F9EC89A27A68DB400281943 /* Preview Content */ = {
			isa = PBXGroup;
			children = (
				3F9EC89B27A68DB400281943 /* Preview Assets.xcassets */,
			);
			path = "Preview Content";
			sourceTree = "<group>";
		};
		3FF7BC6F27B09AE800F8E8B7 /* Model */ = {
			isa = PBXGroup;
			children = (
				3FFCC53327B22F3100672A6E /* Step+CoreDataClass.swift */,
				3FFCC53527B22F3100672A6E /* Recipe+CoreDataClass.swift */,
				3FDA2BDF27C32ABF00F171A2 /* TimeValue.swift */,
				3F2138F427B234D600CF7B48 /* DataController.swift */,
			);
			path = Model;
			sourceTree = "<group>";
		};
		3FF7BC7427B09F6200F8E8B7 /* Views */ = {
			isa = PBXGroup;
			children = (
				3FF7BC6827ABB9CC00F8E8B7 /* RecipeRow.swift */,
				3F9EC87927A68DB200281943 /* ContentView.swift */,
				3FF7BC7627B09FE900F8E8B7 /* RecipeDetail.swift */,
				3FEC100127BF1EF600E05867 /* TimePickerView.swift */,
				3FDC1F4B27D3119300FE5C59 /* CompactLabelStyle.swift */,
			);
			path = Views;
			sourceTree = "<group>";
		};
		3FF7BC7B27B0B4C600F8E8B7 /* Resources */ = {
			isa = PBXGroup;
			children = (
				3FFCC51427B1FA4600672A6E /* Model.xcdatamodeld */,
				3FF7BC7F27B0B51000F8E8B7 /* recipeData.json */,
			);
			path = Resources;
			sourceTree = "<group>";
		};
/* End PBXGroup section */

/* Begin PBXNativeTarget section */
		3F9EC87327A68DB200281943 /* watchCook */ = {
			isa = PBXNativeTarget;
			buildConfigurationList = 3F9EC8A827A68DB400281943 /* Build configuration list for PBXNativeTarget "watchCook" */;
			buildPhases = (
				3F9EC87027A68DB200281943 /* Sources */,
				3F9EC87127A68DB200281943 /* Frameworks */,
				3F9EC87227A68DB200281943 /* Resources */,
				3F9EC8A727A68DB400281943 /* Embed Watch Content */,
			);
			buildRules = (
			);
			dependencies = (
				3F9EC88527A68DB300281943 /* PBXTargetDependency */,
			);
			name = watchCook;
			productName = watchCook;
			productReference = 3F9EC87427A68DB200281943 /* watchCook.app */;
			productType = "com.apple.product-type.application";
		};
		3F9EC88127A68DB300281943 /* watchCook WatchKit App */ = {
			isa = PBXNativeTarget;
			buildConfigurationList = 3F9EC8A427A68DB400281943 /* Build configuration list for PBXNativeTarget "watchCook WatchKit App" */;
			buildPhases = (
				3F9EC88027A68DB300281943 /* Resources */,
				3F9EC8A327A68DB400281943 /* Embed App Extensions */,
			);
			buildRules = (
			);
			dependencies = (
				3F9EC89027A68DB400281943 /* PBXTargetDependency */,
			);
			name = "watchCook WatchKit App";
			productName = "watchCook WatchKit App";
			productReference = 3F9EC88227A68DB300281943 /* watchCook WatchKit App.app */;
			productType = "com.apple.product-type.application.watchapp2";
		};
		3F9EC88C27A68DB400281943 /* watchCook WatchKit Extension */ = {
			isa = PBXNativeTarget;
			buildConfigurationList = 3F9EC8A027A68DB400281943 /* Build configuration list for PBXNativeTarget "watchCook WatchKit Extension" */;
			buildPhases = (
				3F9EC88927A68DB400281943 /* Sources */,
				3F9EC88A27A68DB400281943 /* Frameworks */,
				3F9EC88B27A68DB400281943 /* Resources */,
			);
			buildRules = (
			);
			dependencies = (
			);
			name = "watchCook WatchKit Extension";
			productName = "watchCook WatchKit Extension";
			productReference = 3F9EC88D27A68DB400281943 /* watchCook WatchKit Extension.appex */;
			productType = "com.apple.product-type.watchkit2-extension";
		};
/* End PBXNativeTarget section */

/* Begin PBXProject section */
		3F9EC86C27A68DB200281943 /* Project object */ = {
			isa = PBXProject;
			attributes = {
				BuildIndependentTargetsInParallel = 1;
				LastSwiftUpdateCheck = 1320;
				LastUpgradeCheck = 1320;
				TargetAttributes = {
					3F9EC87327A68DB200281943 = {
						CreatedOnToolsVersion = 13.2.1;
					};
					3F9EC88127A68DB300281943 = {
						CreatedOnToolsVersion = 13.2.1;
					};
					3F9EC88C27A68DB400281943 = {
						CreatedOnToolsVersion = 13.2.1;
					};
				};
			};
			buildConfigurationList = 3F9EC86F27A68DB200281943 /* Build configuration list for PBXProject "watchCook" */;
			compatibilityVersion = "Xcode 13.0";
			developmentRegion = en;
			hasScannedForEncodings = 0;
			knownRegions = (
				en,
				Base,
			);
			mainGroup = 3F9EC86B27A68DB200281943;
			productRefGroup = 3F9EC87527A68DB200281943 /* Products */;
			projectDirPath = "";
			projectRoot = "";
			targets = (
				3F9EC87327A68DB200281943 /* watchCook */,
				3F9EC88C27A68DB400281943 /* watchCook WatchKit Extension */,
				3F9EC88127A68DB300281943 /* watchCook WatchKit App */,
			);
		};
/* End PBXProject section */

/* Begin PBXResourcesBuildPhase section */
		3F9EC87227A68DB200281943 /* Resources */ = {
			isa = PBXResourcesBuildPhase;
			buildActionMask = 2147483647;
			files = (
				3FF7BC8027B0B51000F8E8B7 /* recipeData.json in Resources */,
				3F9EC87F27A68DB300281943 /* Preview Assets.xcassets in Resources */,
				3F9EC87C27A68DB300281943 /* Assets.xcassets in Resources */,
			);
			runOnlyForDeploymentPostprocessing = 0;
		};
		3F9EC88027A68DB300281943 /* Resources */ = {
			isa = PBXResourcesBuildPhase;
			buildActionMask = 2147483647;
			files = (
				3F9EC88827A68DB400281943 /* Assets.xcassets in Resources */,
			);
			runOnlyForDeploymentPostprocessing = 0;
		};
		3F9EC88B27A68DB400281943 /* Resources */ = {
			isa = PBXResourcesBuildPhase;
			buildActionMask = 2147483647;
			files = (
				3F9EC89C27A68DB400281943 /* Preview Assets.xcassets in Resources */,
				3FF7BC8127B0B51000F8E8B7 /* recipeData.json in Resources */,
				3F9EC89927A68DB400281943 /* Assets.xcassets in Resources */,
			);
			runOnlyForDeploymentPostprocessing = 0;
		};
/* End PBXResourcesBuildPhase section */

/* Begin PBXSourcesBuildPhase section */
		3F9EC87027A68DB200281943 /* Sources */ = {
			isa = PBXSourcesBuildPhase;
			buildActionMask = 2147483647;
			files = (
				3FDC1F4C27D3119300FE5C59 /* CompactLabelStyle.swift in Sources */,
				3F2138F527B234D600CF7B48 /* DataController.swift in Sources */,
				3FF7BC7727B09FE900F8E8B7 /* RecipeDetail.swift in Sources */,
				3FDA2BE027C32ABF00F171A2 /* TimeValue.swift in Sources */,
				3FF7BC7927B0A89B00F8E8B7 /* RecipeRow.swift in Sources */,
				3FEC100227BF1EF600E05867 /* TimePickerView.swift in Sources */,
				3FFCC53727B22F3100672A6E /* Step+CoreDataClass.swift in Sources */,
				3FFCC51627B1FA4600672A6E /* Model.xcdatamodeld in Sources */,
				3FFCC53B27B22F3100672A6E /* Recipe+CoreDataClass.swift in Sources */,
				3FF7BC7827B0A29600F8E8B7 /* ContentView.swift in Sources */,
				3F9EC87827A68DB200281943 /* watchCookApp.swift in Sources */,
			);
			runOnlyForDeploymentPostprocessing = 0;
		};
		3F9EC88927A68DB400281943 /* Sources */ = {
			isa = PBXSourcesBuildPhase;
			buildActionMask = 2147483647;
			files = (
				3FA610E827B3572D005B4A7B /* watchCookApp.swift in Sources */,
				3F9B1D9F27B3549400B898EF /* DataController.swift in Sources */,
				3FF620E727C4745700B664FC /* TimerView.swift in Sources */,
				3FDA2BE127C32ABF00F171A2 /* TimeValue.swift in Sources */,
				3FF7BC7A27B0AB9000F8E8B7 /* RecipeRow.swift in Sources */,
				3F5C4CA527C5E37300F83CB8 /* AlarmController.swift in Sources */,
				3F9EC89327A68DB400281943 /* ContentView.swift in Sources */,
				3F9EC89727A68DB400281943 /* ComplicationController.swift in Sources */,
				3FFCC53827B22F3100672A6E /* Step+CoreDataClass.swift in Sources */,
				3FFCC51727B1FA4600672A6E /* Model.xcdatamodeld in Sources */,
				3FDC1F4D27D3119300FE5C59 /* CompactLabelStyle.swift in Sources */,
				3FF7BC6B27ABBAD500F8E8B7 /* RecipeDetail.swift in Sources */,
				3FFCC53C27B22F3100672A6E /* Recipe+CoreDataClass.swift in Sources */,
			);
			runOnlyForDeploymentPostprocessing = 0;
		};
/* End PBXSourcesBuildPhase section */

/* Begin PBXTargetDependency section */
		3F9EC88527A68DB300281943 /* PBXTargetDependency */ = {
			isa = PBXTargetDependency;
			target = 3F9EC88127A68DB300281943 /* watchCook WatchKit App */;
			targetProxy = 3F9EC88427A68DB300281943 /* PBXContainerItemProxy */;
		};
		3F9EC89027A68DB400281943 /* PBXTargetDependency */ = {
			isa = PBXTargetDependency;
			target = 3F9EC88C27A68DB400281943 /* watchCook WatchKit Extension */;
			targetProxy = 3F9EC88F27A68DB400281943 /* PBXContainerItemProxy */;
		};
/* End PBXTargetDependency section */

/* Begin XCBuildConfiguration section */
		3F9EC89E27A68DB400281943 /* Debug */ = {
			isa = XCBuildConfiguration;
			buildSettings = {
				ALWAYS_SEARCH_USER_PATHS = NO;
				CLANG_ANALYZER_NONNULL = YES;
				CLANG_ANALYZER_NUMBER_OBJECT_CONVERSION = YES_AGGRESSIVE;
				CLANG_CXX_LANGUAGE_STANDARD = "gnu++17";
				CLANG_CXX_LIBRARY = "libc++";
				CLANG_ENABLE_MODULES = YES;
				CLANG_ENABLE_OBJC_ARC = YES;
				CLANG_ENABLE_OBJC_WEAK = YES;
				CLANG_WARN_BLOCK_CAPTURE_AUTORELEASING = YES;
				CLANG_WARN_BOOL_CONVERSION = YES;
				CLANG_WARN_COMMA = YES;
				CLANG_WARN_CONSTANT_CONVERSION = YES;
				CLANG_WARN_DEPRECATED_OBJC_IMPLEMENTATIONS = YES;
				CLANG_WARN_DIRECT_OBJC_ISA_USAGE = YES_ERROR;
				CLANG_WARN_DOCUMENTATION_COMMENTS = YES;
				CLANG_WARN_EMPTY_BODY = YES;
				CLANG_WARN_ENUM_CONVERSION = YES;
				CLANG_WARN_INFINITE_RECURSION = YES;
				CLANG_WARN_INT_CONVERSION = YES;
				CLANG_WARN_NON_LITERAL_NULL_CONVERSION = YES;
				CLANG_WARN_OBJC_IMPLICIT_RETAIN_SELF = YES;
				CLANG_WARN_OBJC_LITERAL_CONVERSION = YES;
				CLANG_WARN_OBJC_ROOT_CLASS = YES_ERROR;
				CLANG_WARN_QUOTED_INCLUDE_IN_FRAMEWORK_HEADER = YES;
				CLANG_WARN_RANGE_LOOP_ANALYSIS = YES;
				CLANG_WARN_STRICT_PROTOTYPES = YES;
				CLANG_WARN_SUSPICIOUS_MOVE = YES;
				CLANG_WARN_UNGUARDED_AVAILABILITY = YES_AGGRESSIVE;
				CLANG_WARN_UNREACHABLE_CODE = YES;
				CLANG_WARN__DUPLICATE_METHOD_MATCH = YES;
				COPY_PHASE_STRIP = NO;
				DEBUG_INFORMATION_FORMAT = dwarf;
				ENABLE_STRICT_OBJC_MSGSEND = YES;
				ENABLE_TESTABILITY = YES;
				GCC_C_LANGUAGE_STANDARD = gnu11;
				GCC_DYNAMIC_NO_PIC = NO;
				GCC_NO_COMMON_BLOCKS = YES;
				GCC_OPTIMIZATION_LEVEL = 0;
				GCC_PREPROCESSOR_DEFINITIONS = (
					"DEBUG=1",
					"$(inherited)",
				);
				GCC_WARN_64_TO_32_BIT_CONVERSION = YES;
				GCC_WARN_ABOUT_RETURN_TYPE = YES_ERROR;
				GCC_WARN_UNDECLARED_SELECTOR = YES;
				GCC_WARN_UNINITIALIZED_AUTOS = YES_AGGRESSIVE;
				GCC_WARN_UNUSED_FUNCTION = YES;
				GCC_WARN_UNUSED_VARIABLE = YES;
				MTL_ENABLE_DEBUG_INFO = INCLUDE_SOURCE;
				MTL_FAST_MATH = YES;
				ONLY_ACTIVE_ARCH = YES;
				SWIFT_ACTIVE_COMPILATION_CONDITIONS = DEBUG;
				SWIFT_OPTIMIZATION_LEVEL = "-Onone";
			};
			name = Debug;
		};
		3F9EC89F27A68DB400281943 /* Release */ = {
			isa = XCBuildConfiguration;
			buildSettings = {
				ALWAYS_SEARCH_USER_PATHS = NO;
				CLANG_ANALYZER_NONNULL = YES;
				CLANG_ANALYZER_NUMBER_OBJECT_CONVERSION = YES_AGGRESSIVE;
				CLANG_CXX_LANGUAGE_STANDARD = "gnu++17";
				CLANG_CXX_LIBRARY = "libc++";
				CLANG_ENABLE_MODULES = YES;
				CLANG_ENABLE_OBJC_ARC = YES;
				CLANG_ENABLE_OBJC_WEAK = YES;
				CLANG_WARN_BLOCK_CAPTURE_AUTORELEASING = YES;
				CLANG_WARN_BOOL_CONVERSION = YES;
				CLANG_WARN_COMMA = YES;
				CLANG_WARN_CONSTANT_CONVERSION = YES;
				CLANG_WARN_DEPRECATED_OBJC_IMPLEMENTATIONS = YES;
				CLANG_WARN_DIRECT_OBJC_ISA_USAGE = YES_ERROR;
				CLANG_WARN_DOCUMENTATION_COMMENTS = YES;
				CLANG_WARN_EMPTY_BODY = YES;
				CLANG_WARN_ENUM_CONVERSION = YES;
				CLANG_WARN_INFINITE_RECURSION = YES;
				CLANG_WARN_INT_CONVERSION = YES;
				CLANG_WARN_NON_LITERAL_NULL_CONVERSION = YES;
				CLANG_WARN_OBJC_IMPLICIT_RETAIN_SELF = YES;
				CLANG_WARN_OBJC_LITERAL_CONVERSION = YES;
				CLANG_WARN_OBJC_ROOT_CLASS = YES_ERROR;
				CLANG_WARN_QUOTED_INCLUDE_IN_FRAMEWORK_HEADER = YES;
				CLANG_WARN_RANGE_LOOP_ANALYSIS = YES;
				CLANG_WARN_STRICT_PROTOTYPES = YES;
				CLANG_WARN_SUSPICIOUS_MOVE = YES;
				CLANG_WARN_UNGUARDED_AVAILABILITY = YES_AGGRESSIVE;
				CLANG_WARN_UNREACHABLE_CODE = YES;
				CLANG_WARN__DUPLICATE_METHOD_MATCH = YES;
				COPY_PHASE_STRIP = NO;
				DEBUG_INFORMATION_FORMAT = "dwarf-with-dsym";
				ENABLE_NS_ASSERTIONS = NO;
				ENABLE_STRICT_OBJC_MSGSEND = YES;
				GCC_C_LANGUAGE_STANDARD = gnu11;
				GCC_NO_COMMON_BLOCKS = YES;
				GCC_WARN_64_TO_32_BIT_CONVERSION = YES;
				GCC_WARN_ABOUT_RETURN_TYPE = YES_ERROR;
				GCC_WARN_UNDECLARED_SELECTOR = YES;
				GCC_WARN_UNINITIALIZED_AUTOS = YES_AGGRESSIVE;
				GCC_WARN_UNUSED_FUNCTION = YES;
				GCC_WARN_UNUSED_VARIABLE = YES;
				MTL_ENABLE_DEBUG_INFO = NO;
				MTL_FAST_MATH = YES;
				SWIFT_COMPILATION_MODE = wholemodule;
				SWIFT_OPTIMIZATION_LEVEL = "-O";
			};
			name = Release;
		};
		3F9EC8A127A68DB400281943 /* Debug */ = {
			isa = XCBuildConfiguration;
			buildSettings = {
				ASSETCATALOG_COMPILER_COMPLICATION_NAME = Complication;
				CODE_SIGN_ENTITLEMENTS = "watchCook WatchKit Extension/watchCook WatchKit Extension.entitlements";
				CODE_SIGN_STYLE = Automatic;
				CURRENT_PROJECT_VERSION = 1;
				DEVELOPMENT_ASSET_PATHS = "\"watchCook WatchKit Extension/Preview Content\"";
				DEVELOPMENT_TEAM = 7TX57ATAJD;
				ENABLE_PREVIEWS = YES;
				GENERATE_INFOPLIST_FILE = YES;
				INFOPLIST_FILE = "watchCook WatchKit Extension/Info.plist";
				INFOPLIST_KEY_CFBundleDisplayName = "watchCook WatchKit Extension";
				INFOPLIST_KEY_CLKComplicationPrincipalClass = watchCook_WatchKit_Extension.ComplicationController;
				INFOPLIST_KEY_NSHumanReadableCopyright = "";
				INFOPLIST_KEY_WKRunsIndependentlyOfCompanionApp = YES;
				LD_RUNPATH_SEARCH_PATHS = (
					"$(inherited)",
					"@executable_path/Frameworks",
					"@executable_path/../../Frameworks",
				);
				MARKETING_VERSION = 1.0;
				PRODUCT_BUNDLE_IDENTIFIER = dev.kimjs.watchCook.watchkitapp.watchkitextension;
				PRODUCT_NAME = "${TARGET_NAME}";
				SDKROOT = watchos;
				SKIP_INSTALL = YES;
				SWIFT_EMIT_LOC_STRINGS = YES;
				SWIFT_VERSION = 5.0;
				TARGETED_DEVICE_FAMILY = 4;
				WATCHOS_DEPLOYMENT_TARGET = 8.3;
			};
			name = Debug;
		};
		3F9EC8A227A68DB400281943 /* Release */ = {
			isa = XCBuildConfiguration;
			buildSettings = {
				ASSETCATALOG_COMPILER_COMPLICATION_NAME = Complication;
				CODE_SIGN_ENTITLEMENTS = "watchCook WatchKit Extension/watchCook WatchKit Extension.entitlements";
				CODE_SIGN_STYLE = Automatic;
				CURRENT_PROJECT_VERSION = 1;
				DEVELOPMENT_ASSET_PATHS = "\"watchCook WatchKit Extension/Preview Content\"";
				DEVELOPMENT_TEAM = 7TX57ATAJD;
				ENABLE_PREVIEWS = YES;
				GENERATE_INFOPLIST_FILE = YES;
				INFOPLIST_FILE = "watchCook WatchKit Extension/Info.plist";
				INFOPLIST_KEY_CFBundleDisplayName = "watchCook WatchKit Extension";
				INFOPLIST_KEY_CLKComplicationPrincipalClass = watchCook_WatchKit_Extension.ComplicationController;
				INFOPLIST_KEY_NSHumanReadableCopyright = "";
				INFOPLIST_KEY_WKRunsIndependentlyOfCompanionApp = YES;
				LD_RUNPATH_SEARCH_PATHS = (
					"$(inherited)",
					"@executable_path/Frameworks",
					"@executable_path/../../Frameworks",
				);
				MARKETING_VERSION = 1.0;
				PRODUCT_BUNDLE_IDENTIFIER = dev.kimjs.watchCook.watchkitapp.watchkitextension;
				PRODUCT_NAME = "${TARGET_NAME}";
				SDKROOT = watchos;
				SKIP_INSTALL = YES;
				SWIFT_EMIT_LOC_STRINGS = YES;
				SWIFT_VERSION = 5.0;
				TARGETED_DEVICE_FAMILY = 4;
				VALIDATE_PRODUCT = YES;
				WATCHOS_DEPLOYMENT_TARGET = 8.3;
			};
			name = Release;
		};
		3F9EC8A527A68DB400281943 /* Debug */ = {
			isa = XCBuildConfiguration;
			buildSettings = {
				ALWAYS_EMBED_SWIFT_STANDARD_LIBRARIES = YES;
				ASSETCATALOG_COMPILER_APPICON_NAME = AppIcon;
				ASSETCATALOG_COMPILER_GLOBAL_ACCENT_COLOR_NAME = AccentColor;
				CODE_SIGN_STYLE = Automatic;
				CURRENT_PROJECT_VERSION = 1;
				DEVELOPMENT_TEAM = 7TX57ATAJD;
				GENERATE_INFOPLIST_FILE = YES;
				IBSC_MODULE = watchCook_WatchKit_Extension;
				INFOPLIST_KEY_CFBundleDisplayName = "watchCook WatchKit App";
				INFOPLIST_KEY_UISupportedInterfaceOrientations = "UIInterfaceOrientationPortrait UIInterfaceOrientationPortraitUpsideDown";
				INFOPLIST_KEY_WKCompanionAppBundleIdentifier = dev.kimjs.watchCook;
				MARKETING_VERSION = 1.0;
				PRODUCT_BUNDLE_IDENTIFIER = dev.kimjs.watchCook.watchkitapp;
				PRODUCT_NAME = "$(TARGET_NAME)";
				SDKROOT = watchos;
				SKIP_INSTALL = YES;
				SWIFT_EMIT_LOC_STRINGS = YES;
				SWIFT_VERSION = 5.0;
				TARGETED_DEVICE_FAMILY = 4;
				WATCHOS_DEPLOYMENT_TARGET = 8.3;
			};
			name = Debug;
		};
		3F9EC8A627A68DB400281943 /* Release */ = {
			isa = XCBuildConfiguration;
			buildSettings = {
				ALWAYS_EMBED_SWIFT_STANDARD_LIBRARIES = YES;
				ASSETCATALOG_COMPILER_APPICON_NAME = AppIcon;
				ASSETCATALOG_COMPILER_GLOBAL_ACCENT_COLOR_NAME = AccentColor;
				CODE_SIGN_STYLE = Automatic;
				CURRENT_PROJECT_VERSION = 1;
				DEVELOPMENT_TEAM = 7TX57ATAJD;
				GENERATE_INFOPLIST_FILE = YES;
				IBSC_MODULE = watchCook_WatchKit_Extension;
				INFOPLIST_KEY_CFBundleDisplayName = "watchCook WatchKit App";
				INFOPLIST_KEY_UISupportedInterfaceOrientations = "UIInterfaceOrientationPortrait UIInterfaceOrientationPortraitUpsideDown";
				INFOPLIST_KEY_WKCompanionAppBundleIdentifier = dev.kimjs.watchCook;
				MARKETING_VERSION = 1.0;
				PRODUCT_BUNDLE_IDENTIFIER = dev.kimjs.watchCook.watchkitapp;
				PRODUCT_NAME = "$(TARGET_NAME)";
				SDKROOT = watchos;
				SKIP_INSTALL = YES;
				SWIFT_EMIT_LOC_STRINGS = YES;
				SWIFT_VERSION = 5.0;
				TARGETED_DEVICE_FAMILY = 4;
				VALIDATE_PRODUCT = YES;
				WATCHOS_DEPLOYMENT_TARGET = 8.3;
			};
			name = Release;
		};
		3F9EC8A927A68DB400281943 /* Debug */ = {
			isa = XCBuildConfiguration;
			buildSettings = {
				ASSETCATALOG_COMPILER_APPICON_NAME = AppIcon;
				ASSETCATALOG_COMPILER_GLOBAL_ACCENT_COLOR_NAME = AccentColor;
				CODE_SIGN_ENTITLEMENTS = watchCook/watchCook.entitlements;
				CODE_SIGN_STYLE = Automatic;
				CURRENT_PROJECT_VERSION = 1;
				DEVELOPMENT_ASSET_PATHS = "\"watchCook/Preview Content\"";
				DEVELOPMENT_TEAM = 7TX57ATAJD;
				ENABLE_PREVIEWS = YES;
				GENERATE_INFOPLIST_FILE = YES;
				INFOPLIST_FILE = watchCook/Info.plist;
				INFOPLIST_KEY_UIApplicationSceneManifest_Generation = YES;
				INFOPLIST_KEY_UIApplicationSupportsIndirectInputEvents = YES;
				INFOPLIST_KEY_UILaunchScreen_Generation = YES;
				INFOPLIST_KEY_UISupportedInterfaceOrientations_iPad = "UIInterfaceOrientationPortrait UIInterfaceOrientationPortraitUpsideDown UIInterfaceOrientationLandscapeLeft UIInterfaceOrientationLandscapeRight";
				INFOPLIST_KEY_UISupportedInterfaceOrientations_iPhone = "UIInterfaceOrientationPortrait UIInterfaceOrientationLandscapeLeft UIInterfaceOrientationLandscapeRight";
				IPHONEOS_DEPLOYMENT_TARGET = 15.2;
				LD_RUNPATH_SEARCH_PATHS = (
					"$(inherited)",
					"@executable_path/Frameworks",
				);
				MARKETING_VERSION = 1.0;
				PRODUCT_BUNDLE_IDENTIFIER = dev.kimjs.watchCook;
				PRODUCT_NAME = "$(TARGET_NAME)";
				SDKROOT = iphoneos;
				SWIFT_EMIT_LOC_STRINGS = YES;
				SWIFT_VERSION = 5.0;
				TARGETED_DEVICE_FAMILY = "1,2";
			};
			name = Debug;
		};
		3F9EC8AA27A68DB400281943 /* Release */ = {
			isa = XCBuildConfiguration;
			buildSettings = {
				ASSETCATALOG_COMPILER_APPICON_NAME = AppIcon;
				ASSETCATALOG_COMPILER_GLOBAL_ACCENT_COLOR_NAME = AccentColor;
				CODE_SIGN_ENTITLEMENTS = watchCook/watchCook.entitlements;
				CODE_SIGN_STYLE = Automatic;
				CURRENT_PROJECT_VERSION = 1;
				DEVELOPMENT_ASSET_PATHS = "\"watchCook/Preview Content\"";
				DEVELOPMENT_TEAM = 7TX57ATAJD;
				ENABLE_PREVIEWS = YES;
				GENERATE_INFOPLIST_FILE = YES;
				INFOPLIST_FILE = watchCook/Info.plist;
				INFOPLIST_KEY_UIApplicationSceneManifest_Generation = YES;
				INFOPLIST_KEY_UIApplicationSupportsIndirectInputEvents = YES;
				INFOPLIST_KEY_UILaunchScreen_Generation = YES;
				INFOPLIST_KEY_UISupportedInterfaceOrientations_iPad = "UIInterfaceOrientationPortrait UIInterfaceOrientationPortraitUpsideDown UIInterfaceOrientationLandscapeLeft UIInterfaceOrientationLandscapeRight";
				INFOPLIST_KEY_UISupportedInterfaceOrientations_iPhone = "UIInterfaceOrientationPortrait UIInterfaceOrientationLandscapeLeft UIInterfaceOrientationLandscapeRight";
				IPHONEOS_DEPLOYMENT_TARGET = 15.2;
				LD_RUNPATH_SEARCH_PATHS = (
					"$(inherited)",
					"@executable_path/Frameworks",
				);
				MARKETING_VERSION = 1.0;
				PRODUCT_BUNDLE_IDENTIFIER = dev.kimjs.watchCook;
				PRODUCT_NAME = "$(TARGET_NAME)";
				SDKROOT = iphoneos;
				SWIFT_EMIT_LOC_STRINGS = YES;
				SWIFT_VERSION = 5.0;
				TARGETED_DEVICE_FAMILY = "1,2";
				VALIDATE_PRODUCT = YES;
			};
			name = Release;
		};
/* End XCBuildConfiguration section */

/* Begin XCConfigurationList section */
		3F9EC86F27A68DB200281943 /* Build configuration list for PBXProject "watchCook" */ = {
			isa = XCConfigurationList;
			buildConfigurations = (
				3F9EC89E27A68DB400281943 /* Debug */,
				3F9EC89F27A68DB400281943 /* Release */,
			);
			defaultConfigurationIsVisible = 0;
			defaultConfigurationName = Release;
		};
		3F9EC8A027A68DB400281943 /* Build configuration list for PBXNativeTarget "watchCook WatchKit Extension" */ = {
			isa = XCConfigurationList;
			buildConfigurations = (
				3F9EC8A127A68DB400281943 /* Debug */,
				3F9EC8A227A68DB400281943 /* Release */,
			);
			defaultConfigurationIsVisible = 0;
			defaultConfigurationName = Release;
		};
		3F9EC8A427A68DB400281943 /* Build configuration list for PBXNativeTarget "watchCook WatchKit App" */ = {
			isa = XCConfigurationList;
			buildConfigurations = (
				3F9EC8A527A68DB400281943 /* Debug */,
				3F9EC8A627A68DB400281943 /* Release */,
			);
			defaultConfigurationIsVisible = 0;
			defaultConfigurationName = Release;
		};
		3F9EC8A827A68DB400281943 /* Build configuration list for PBXNativeTarget "watchCook" */ = {
			isa = XCConfigurationList;
			buildConfigurations = (
				3F9EC8A927A68DB400281943 /* Debug */,
				3F9EC8AA27A68DB400281943 /* Release */,
			);
			defaultConfigurationIsVisible = 0;
			defaultConfigurationName = Release;
		};
/* End XCConfigurationList section */

/* Begin XCVersionGroup section */
		3FFCC51427B1FA4600672A6E /* Model.xcdatamodeld */ = {
			isa = XCVersionGroup;
			children = (
				3FFCC51527B1FA4600672A6E /* Model.xcdatamodel */,
			);
			currentVersion = 3FFCC51527B1FA4600672A6E /* Model.xcdatamodel */;
			path = Model.xcdatamodeld;
			sourceTree = "<group>";
			versionGroupType = wrapper.xcdatamodel;
		};
/* End XCVersionGroup section */
	};
	rootObject = 3F9EC86C27A68DB200281943 /* Project object */;
}
